
Microsoft Visual Studio Solution File, Format Version 12.00
# Visual Studio Version 17
VisualStudioVersion = 17.9.34728.123
MinimumVisualStudioVersion = 10.0.40219.1
Project("{FAE04EC0-301F-11D3-BF4B-00C04F79EFBC}") = "ErrorsBenchmark", "ErrorsBenchmark\ErrorsBenchmark.csproj", "{5963CA39-623A-4688-903C-3AF2D34D0854}"
EndProject
Global
	GlobalSection(SolutionConfigurationPlatforms) = preSolution
		Debug|Any CPU = Debug|Any CPU
		Release|Any CPU = Release|Any CPU
	EndGlobalSection
	GlobalSection(ProjectConfigurationPlatforms) = postSolution
		{5963CA39-623A-4688-903C-3AF2D34D0854}.Debug|Any CPU.ActiveCfg = Debug|Any CPU
		{5963CA39-623A-4688-903C-3AF2D34D0854}.Debug|Any CPU.Build.0 = Debug|Any CPU
		{5963CA39-623A-4688-903C-3AF2D34D0854}.Release|Any CPU.ActiveCfg = Release|Any CPU
		{5963CA39-623A-4688-903C-3AF2D34D0854}.Release|Any CPU.Build.0 = Release|Any CPU
	EndGlobalSection
	GlobalSection(SolutionProperties) = preSolution
		HideSolutionNode = FALSE
	EndGlobalSection
	GlobalSection(ExtensibilityGlobals) = postSolution
		SolutionGuid = {7835465D-D7F4-44EA-BF87-17C234D0C5DD}
	EndGlobalSection
EndGlobal
